
Microsoft Visual Studio Solution File, Format Version 12.00
# Visual Studio Version 17
VisualStudioVersion = 17.11.35327.3
MinimumVisualStudioVersion = 10.0.40219.1
Project("{8BC9CEB8-8B4A-11D0-8D11-00A0C91BC942}") = "Comparing_Fuel_Costs", "Comparing_Fuel_Costs\Comparing_Fuel_Costs.vcxproj", "{63CD7B73-A62D-412E-B2CF-62B2C41AB930}"
EndProject
Global
	GlobalSection(SolutionConfigurationPlatforms) = preSolution
		Debug|x64 = Debug|x64
		Debug|x86 = Debug|x86
		Release|x64 = Release|x64
		Release|x86 = Release|x86
	EndGlobalSection
	GlobalSection(ProjectConfigurationPlatforms) = postSolution
		{63CD7B73-A62D-412E-B2CF-62B2C41AB930}.Debug|x64.ActiveCfg = Debug|x64
		{63CD7B73-A62D-412E-B2CF-62B2C41AB930}.Debug|x64.Build.0 = Debug|x64
		{63CD7B73-A62D-412E-B2CF-62B2C41AB930}.Debug|x86.ActiveCfg = Debug|Win32
		{63CD7B73-A62D-412E-B2CF-62B2C41AB930}.Debug|x86.Build.0 = Debug|Win32
		{63CD7B73-A62D-412E-B2CF-62B2C41AB930}.Release|x64.ActiveCfg = Release|x64
		{63CD7B73-A62D-412E-B2CF-62B2C41AB930}.Release|x64.Build.0 = Release|x64
		{63CD7B73-A62D-412E-B2CF-62B2C41AB930}.Release|x86.ActiveCfg = Release|Win32
		{63CD7B73-A62D-412E-B2CF-62B2C41AB930}.Release|x86.Build.0 = Release|Win32
	EndGlobalSection
	GlobalSection(SolutionProperties) = preSolution
		HideSolutionNode = FALSE
	EndGlobalSection
	GlobalSection(ExtensibilityGlobals) = postSolution
		SolutionGuid = {1BD412EB-E8AC-40B9-B702-B2A88A98115B}
	EndGlobalSection
EndGlobal
